{
  "name": "@thyiad/antd-ui",
  "version": "0.0.2",
  "lockfileVersion": 1,
  "requires": true,
  "dependencies": {
    "@antv/adjust": {
      "version": "0.2.3",
      "resolved": "https://registry.npm.taobao.org/@antv/adjust/download/@antv/adjust-0.2.3.tgz?cache=0&sync_timestamp=1602728116448&other_urls=https%3A%2F%2Fregistry.npm.taobao.org%2F%40antv%2Fadjust%2Fdownload%2F%40antv%2Fadjust-0.2.3.tgz",
      "integrity": "sha1-w4hKaAwyZMwSXX8qtTmOihwLlAE=",
      "requires": {
        "@antv/util": "~2.0.0",
        "tslib": "^1.10.0"
      }
    },
    "@antv/attr": {
      "version": "0.3.2",
      "resolved": "https://registry.npm.taobao.org/@antv/attr/download/@antv/attr-0.3.2.tgz",
      "integrity": "sha1-5YZrZIcMYvOpwluKYfZUuiv9oFE=",
      "requires": {
        "@antv/color-util": "^2.0.1",
        "@antv/util": "~2.0.0",
        "tslib": "^1.10.0"
      }
    },
    "@antv/color-util": {
      "version": "2.0.5",
      "resolved": "https://registry.npm.taobao.org/@antv/color-util/download/@antv/color-util-2.0.5.tgz",
      "integrity": "sha1-bGwUrShzUmvLpyOAt4GiskNgrG4=",
      "requires": {
        "@antv/util": "^2.0.9",
        "tslib": "^1.10.0"
      }
    },
    "@antv/component": {
      "version": "0.6.3",
      "resolved": "https://registry.npm.taobao.org/@antv/component/download/@antv/component-0.6.3.tgz?cache=0&sync_timestamp=1606734911656&other_urls=https%3A%2F%2Fregistry.npm.taobao.org%2F%40antv%2Fcomponent%2Fdownload%2F%40antv%2Fcomponent-0.6.3.tgz",
      "integrity": "sha1-O7TO2+mF6DG/s3ip5nKkbAQipac=",
      "requires": {
        "@antv/dom-util": "~2.0.1",
        "@antv/g-base": "~0.4.0",
        "@antv/matrix-util": "^3.1.0-beta.1",
        "@antv/path-util": "~2.0.7",
        "@antv/scale": "~0.3.1",
        "@antv/util": "~2.0.0",
        "fecha": "~4.2.0",
        "tslib": "^1.10.0"
      }
    },
    "@antv/coord": {
      "version": "0.3.0",
      "resolved": "https://registry.npm.taobao.org/@antv/coord/download/@antv/coord-0.3.0.tgz",
      "integrity": "sha1-RyOc/TVF+Ht6Z6m+2S0SpSnVqZY=",
      "requires": {
        "@antv/matrix-util": "^3.1.0-beta.2",
        "@antv/util": "~2.0.3",
        "tslib": "^1.10.0"
      }
    },
    "@antv/dom-util": {
      "version": "2.0.2",
      "resolved": "https://registry.npm.taobao.org/@antv/dom-util/download/@antv/dom-util-2.0.2.tgz",
      "integrity": "sha1-THsKGV4CflVXBDWmglzsVt+wtZA=",
      "requires": {
        "tslib": "^1.10.0"
      }
    },
    "@antv/event-emitter": {
      "version": "0.1.2",
      "resolved": "https://registry.npm.taobao.org/@antv/event-emitter/download/@antv/event-emitter-0.1.2.tgz",
      "integrity": "sha1-oXt8uG5tBxiA3Gv7IydW+IYk7Lw="
    },
    "@antv/g-base": {
      "version": "0.4.7",
      "resolved": "https://registry.npm.taobao.org/@antv/g-base/download/@antv/g-base-0.4.7.tgz",
      "integrity": "sha1-dpj8TIyzgfK3iaMPvrJrHojEgZY=",
      "requires": {
        "@antv/event-emitter": "^0.1.1",
        "@antv/g-math": "^0.1.3",
        "@antv/matrix-util": "^3.1.0-beta.1",
        "@antv/path-util": "~2.0.5",
        "@antv/util": "~2.0.0",
        "@types/d3-timer": "^1.0.9",
        "d3-ease": "^1.0.5",
        "d3-interpolate": "^1.3.2",
        "d3-timer": "^1.0.9",
        "detect-browser": "^5.1.0"
      }
    },
    "@antv/g-canvas": {
      "version": "0.4.15",
      "resolved": "https://registry.npm.taobao.org/@antv/g-canvas/download/@antv/g-canvas-0.4.15.tgz?cache=0&sync_timestamp=1603787235144&other_urls=https%3A%2F%2Fregistry.npm.taobao.org%2F%40antv%2Fg-canvas%2Fdownload%2F%40antv%2Fg-canvas-0.4.15.tgz",
      "integrity": "sha1-gawb4mnZYoAgL/76AqOfBgsajAc=",
      "requires": {
        "@antv/g-base": "^0.4.7",
        "@antv/g-math": "^0.1.3",
        "@antv/path-util": "~2.0.5",
        "@antv/util": "~2.0.0",
        "gl-matrix": "^3.0.0"
      }
    },
    "@antv/g-gesture": {
      "version": "1.0.0",
      "resolved": "https://registry.npm.taobao.org/@antv/g-gesture/download/@antv/g-gesture-1.0.0.tgz",
      "integrity": "sha1-RYaZG3RoUuCJC5Y9cou6N2HWzQU=",
      "requires": {
        "@antv/event-emitter": "~0.1.2",
        "d3-ease": "^1.0.5"
      }
    },
    "@antv/g-math": {
      "version": "0.1.5",
      "resolved": "https://registry.npm.taobao.org/@antv/g-math/download/@antv/g-math-0.1.5.tgz",
      "integrity": "sha1-jkSYp7wCsRPBG1A3OpsVJzE5ze8=",
      "requires": {
        "@antv/util": "~2.0.0",
        "gl-matrix": "^3.0.0"
      }
    },
    "@antv/g-svg": {
      "version": "0.4.7",
      "resolved": "https://registry.npm.taobao.org/@antv/g-svg/download/@antv/g-svg-0.4.7.tgz",
      "integrity": "sha1-DWXh2zTm3+YJqts+3fR0jbAvCwE=",
      "requires": {
        "@antv/g-base": "^0.4.7",
        "@antv/g-math": "^0.1.3",
        "@antv/util": "~2.0.0",
        "detect-browser": "^4.6.0"
      },
      "dependencies": {
        "detect-browser": {
          "version": "4.8.0",
          "resolved": "https://registry.npm.taobao.org/detect-browser/download/detect-browser-4.8.0.tgz",
          "integrity": "sha1-HXO9iMF76GaQGVDOCqrh7QYJAsY="
        }
      }
    },
    "@antv/g2": {
      "version": "4.0.15",
      "resolved": "https://registry.npm.taobao.org/@antv/g2/download/@antv/g2-4.0.15.tgz?cache=0&sync_timestamp=1606910940401&other_urls=https%3A%2F%2Fregistry.npm.taobao.org%2F%40antv%2Fg2%2Fdownload%2F%40antv%2Fg2-4.0.15.tgz",
      "integrity": "sha1-aO7uW+/Z8uZU92VfjT0pNc3VJrg=",
      "requires": {
        "@antv/adjust": "^0.2.1",
        "@antv/attr": "^0.3.1",
        "@antv/color-util": "^2.0.2",
        "@antv/component": "^0.6.0",
        "@antv/coord": "^0.3.0",
        "@antv/event-emitter": "~0.1.0",
        "@antv/g-base": "^0.4.3",
        "@antv/g-canvas": "^0.4.0",
        "@antv/g-svg": "^0.4.0",
        "@antv/matrix-util": "^3.1.0-beta.1",
        "@antv/path-util": "^2.0.3",
        "@antv/scale": "^0.3.1",
        "@antv/util": "~2.0.5",
        "tslib": "^2.0.0"
      },
      "dependencies": {
        "tslib": {
          "version": "2.0.3",
          "resolved": "https://registry.npm.taobao.org/tslib/download/tslib-2.0.3.tgz?cache=0&sync_timestamp=1602287078861&other_urls=https%3A%2F%2Fregistry.npm.taobao.org%2Ftslib%2Fdownload%2Ftslib-2.0.3.tgz",
          "integrity": "sha1-jgdBrEX8DCJuWKF7/D5kubxsphw="
        }
      }
    },
    "@antv/g2plot": {
      "version": "1.1.28",
      "resolved": "https://registry.npm.taobao.org/@antv/g2plot/download/@antv/g2plot-1.1.28.tgz",
      "integrity": "sha1-bV3xRapJoX4PDtxVBSvgVL6mMhY=",
      "requires": {
        "@antv/component": "~0.6.1",
        "@antv/coord": "~0.3.0",
        "@antv/dom-util": "~2.0.2",
        "@antv/event-emitter": "~0.1.2",
        "@antv/g-base": "~0.4.0",
        "@antv/g-canvas": "~0.4.0",
        "@antv/g-gesture": "~1.0.0",
        "@antv/g-svg": "~0.4.0",
        "@antv/g2": "~4.0.9",
        "@antv/matrix-util": "~3.1.0-beta.1",
        "@antv/scale": "~0.3.1",
        "@antv/util": "~2.0.7",
        "d3-regression": "~1.3.4",
        "resize-observer-polyfill": "^1.5.1",
        "tslib": "^1.11.1",
        "warning": "^4.0.3"
      }
    },
    "@antv/matrix-util": {
      "version": "3.1.0-beta.2",
      "resolved": "https://registry.npm.taobao.org/@antv/matrix-util/download/@antv/matrix-util-3.1.0-beta.2.tgz",
      "integrity": "sha1-tK+vtw299Sr/yjCNNUbIoJD9I8o=",
      "requires": {
        "@antv/util": "^2.0.9",
        "gl-matrix": "^3.3.0",
        "tslib": "^1.10.0"
      }
    },
    "@antv/path-util": {
      "version": "2.0.8",
      "resolved": "https://registry.npm.taobao.org/@antv/path-util/download/@antv/path-util-2.0.8.tgz",
      "integrity": "sha1-m8VNK3GYqtmIqcxKbekFTyaRm4Q=",
      "requires": {
        "@antv/util": "^2.0.9",
        "tslib": "^1.10.0"
      }
    },
    "@antv/scale": {
      "version": "0.3.4",
      "resolved": "https://registry.npm.taobao.org/@antv/scale/download/@antv/scale-0.3.4.tgz",
      "integrity": "sha1-/t/a7f0+RaD0O/eG6ElnN12J364=",
      "requires": {
        "@antv/util": "~2.0.3",
        "fecha": "~4.2.0",
        "tslib": "^2.0.0"
      },
      "dependencies": {
        "tslib": {
          "version": "2.0.3",
          "resolved": "https://registry.npm.taobao.org/tslib/download/tslib-2.0.3.tgz?cache=0&sync_timestamp=1602287078861&other_urls=https%3A%2F%2Fregistry.npm.taobao.org%2Ftslib%2Fdownload%2Ftslib-2.0.3.tgz",
          "integrity": "sha1-jgdBrEX8DCJuWKF7/D5kubxsphw="
        }
      }
    },
    "@antv/util": {
      "version": "2.0.9",
      "resolved": "https://registry.npm.taobao.org/@antv/util/download/@antv/util-2.0.9.tgz",
      "integrity": "sha1-vT4pajkuEfvieB/eOdjnC6HFPtA=",
      "requires": {
        "tslib": "^1.10.0"
      }
    },
    "@types/d3-timer": {
      "version": "1.0.10",
      "resolved": "https://registry.npm.taobao.org/@types/d3-timer/download/@types/d3-timer-1.0.10.tgz",
      "integrity": "sha1-MpxRwskx9E7QrP94uMhFcazw7SE="
    },
    "@types/prop-types": {
      "version": "15.7.3",
      "resolved": "https://registry.npm.taobao.org/@types/prop-types/download/@types/prop-types-15.7.3.tgz?cache=0&sync_timestamp=1605055213103&other_urls=https%3A%2F%2Fregistry.npm.taobao.org%2F%40types%2Fprop-types%2Fdownload%2F%40types%2Fprop-types-15.7.3.tgz",
      "integrity": "sha1-KrDV2i5YFflLC51LldHl8kOrLKc=",
      "dev": true
    },
    "@types/react": {
      "version": "17.0.0",
      "resolved": "https://registry.npm.taobao.org/@types/react/download/@types/react-17.0.0.tgz?cache=0&sync_timestamp=1606158558386&other_urls=https%3A%2F%2Fregistry.npm.taobao.org%2F%40types%2Freact%2Fdownload%2F%40types%2Freact-17.0.0.tgz",
      "integrity": "sha1-WvPrf60oBwkvAEahMCt4I+J5Gbg=",
      "dev": true,
      "requires": {
        "@types/prop-types": "*",
        "csstype": "^3.0.2"
      }
    },
    "@types/react-dom": {
      "version": "17.0.0",
      "resolved": "https://registry.npm.taobao.org/@types/react-dom/download/@types/react-dom-17.0.0.tgz?cache=0&sync_timestamp=1605907959566&other_urls=https%3A%2F%2Fregistry.npm.taobao.org%2F%40types%2Freact-dom%2Fdownload%2F%40types%2Freact-dom-17.0.0.tgz",
      "integrity": "sha1-s7aR65VsSzQBd37me5AMsoQV2Vo=",
      "dev": true,
      "requires": {
        "@types/react": "*"
      }
    },
    "bizcharts": {
      "version": "4.0.16",
      "resolved": "https://registry.npm.taobao.org/bizcharts/download/bizcharts-4.0.16.tgz",
      "integrity": "sha1-ndJwzQFZ9c3McjmNdAjF4oJvTrY=",
      "requires": {
        "@antv/component": "^0.6.3",
        "@antv/g2": "~4.0.15",
        "@antv/g2plot": "~1.1.28",
        "@antv/util": "^2.0.5",
        "d3-color": "^1.4.1",
        "react-reconciler": "^0.25.1",
        "resize-observer-polyfill": "^1.5.1",
        "simple-statistics": "^7.1.0",
        "warning": "^4.0.3"
      }
    },
    "commander": {
      "version": "2.20.3",
      "resolved": "https://registry.npm.taobao.org/commander/download/commander-2.20.3.tgz?cache=0&sync_timestamp=1605992478790&other_urls=https%3A%2F%2Fregistry.npm.taobao.org%2Fcommander%2Fdownload%2Fcommander-2.20.3.tgz",
      "integrity": "sha1-/UhehMA+tIgcIHIrpIA16FMa6zM=",
      "dev": true
    },
    "csstype": {
      "version": "3.0.5",
      "resolved": "https://registry.npm.taobao.org/csstype/download/csstype-3.0.5.tgz",
      "integrity": "sha1-f97GoopnrhhkfFFmip/5W7L6e7g=",
      "dev": true
    },
    "d3-color": {
      "version": "1.4.1",
      "resolved": "https://registry.npm.taobao.org/d3-color/download/d3-color-1.4.1.tgz",
      "integrity": "sha1-xSACv4hGraRCTVXZeYL+8m6zvIo="
    },
    "d3-ease": {
      "version": "1.0.7",
      "resolved": "https://registry.npm.taobao.org/d3-ease/download/d3-ease-1.0.7.tgz",
      "integrity": "sha1-moNIkO+LiujFWLL+Vb1X9Zk7heI="
    },
    "d3-interpolate": {
      "version": "1.4.0",
      "resolved": "https://registry.npm.taobao.org/d3-interpolate/download/d3-interpolate-1.4.0.tgz?cache=0&sync_timestamp=1598193714891&other_urls=https%3A%2F%2Fregistry.npm.taobao.org%2Fd3-interpolate%2Fdownload%2Fd3-interpolate-1.4.0.tgz",
      "integrity": "sha1-Um554tgNqjg/ngwcHH3MDwWD6Yc=",
      "requires": {
        "d3-color": "1"
      }
    },
    "d3-regression": {
      "version": "1.3.5",
      "resolved": "https://registry.npm.taobao.org/d3-regression/download/d3-regression-1.3.5.tgz",
      "integrity": "sha1-rUMYqkJph/zj/tvuQQbO5UQ84x8="
    },
    "d3-timer": {
      "version": "1.0.10",
      "resolved": "https://registry.npm.taobao.org/d3-timer/download/d3-timer-1.0.10.tgz",
      "integrity": "sha1-3+dripF0iDGxO22ceT/71QjdneU="
    },
    "detect-browser": {
      "version": "5.2.0",
      "resolved": "https://registry.npm.taobao.org/detect-browser/download/detect-browser-5.2.0.tgz",
      "integrity": "sha1-yc1a+pamoZ/aC76em+SKa24enJc="
    },
    "executioner": {
      "version": "2.0.1",
      "resolved": "https://registry.npm.taobao.org/executioner/download/executioner-2.0.1.tgz",
      "integrity": "sha1-rdMo4DvEXdWY81j7tSn8C+Dsb80=",
      "dev": true,
      "requires": {
        "mixly": "^1.0.0"
      }
    },
    "fecha": {
      "version": "4.2.0",
      "resolved": "https://registry.npm.taobao.org/fecha/download/fecha-4.2.0.tgz",
      "integrity": "sha1-P/tjlUU+Pz7/+FBATwpZtnR/X0E="
    },
    "fulcon": {
      "version": "1.0.2",
      "resolved": "https://registry.npm.taobao.org/fulcon/download/fulcon-1.0.2.tgz",
      "integrity": "sha1-ik39pMc/zZzGKnnVBFw5K0VUcyA=",
      "dev": true
    },
    "gl-matrix": {
      "version": "3.3.0",
      "resolved": "https://registry.npm.taobao.org/gl-matrix/download/gl-matrix-3.3.0.tgz",
      "integrity": "sha1-Iy7vYLHIswooy751ssr2xI/WNYs="
    },
    "install-peers-cli": {
      "version": "2.2.0",
      "resolved": "https://registry.npm.taobao.org/install-peers-cli/download/install-peers-cli-2.2.0.tgz",
      "integrity": "sha1-928eyKyfp/kgwFdD4BFVTtrYX40=",
      "dev": true,
      "requires": {
        "commander": "^2.20.0",
        "executioner": "^2.0.1"
      }
    },
    "js-tokens": {
      "version": "4.0.0",
      "resolved": "https://registry.npm.taobao.org/js-tokens/download/js-tokens-4.0.0.tgz?cache=0&sync_timestamp=1586796305651&other_urls=https%3A%2F%2Fregistry.npm.taobao.org%2Fjs-tokens%2Fdownload%2Fjs-tokens-4.0.0.tgz",
      "integrity": "sha1-GSA/tZmR35jjoocFDUZHzerzJJk="
    },
    "loose-envify": {
      "version": "1.4.0",
      "resolved": "https://registry.npm.taobao.org/loose-envify/download/loose-envify-1.4.0.tgz",
      "integrity": "sha1-ce5R+nvkyuwaY4OffmgtgTLTDK8=",
      "requires": {
        "js-tokens": "^3.0.0 || ^4.0.0"
      }
    },
    "mixly": {
      "version": "1.0.0",
      "resolved": "https://registry.npm.taobao.org/mixly/download/mixly-1.0.0.tgz",
      "integrity": "sha1-m1ouH2Pm37oNMOZ5f/rmKrHcJO8=",
      "dev": true,
      "requires": {
        "fulcon": "^1.0.1"
      }
    },
    "object-assign": {
      "version": "4.1.1",
      "resolved": "https://registry.npm.taobao.org/object-assign/download/object-assign-4.1.1.tgz?cache=0&other_urls=https%3A%2F%2Fregistry.npm.taobao.org%2Fobject-assign%2Fdownload%2Fobject-assign-4.1.1.tgz",
      "integrity": "sha1-IQmtx5ZYh8/AXLvUQsrIv7s2CGM="
    },
    "prop-types": {
      "version": "15.7.2",
      "resolved": "https://registry.npm.taobao.org/prop-types/download/prop-types-15.7.2.tgz",
      "integrity": "sha1-UsQedbjIfnK52TYOAga5ncv/psU=",
      "requires": {
        "loose-envify": "^1.4.0",
        "object-assign": "^4.1.1",
        "react-is": "^16.8.1"
      }
    },
    "react-is": {
      "version": "16.13.1",
      "resolved": "https://registry.npm.taobao.org/react-is/download/react-is-16.13.1.tgz?cache=0&sync_timestamp=1603367543237&other_urls=https%3A%2F%2Fregistry.npm.taobao.org%2Freact-is%2Fdownload%2Freact-is-16.13.1.tgz",
      "integrity": "sha1-eJcppNw23imZ3BVt1sHZwYzqVqQ="
    },
    "react-reconciler": {
      "version": "0.25.1",
      "resolved": "https://registry.npm.taobao.org/react-reconciler/download/react-reconciler-0.25.1.tgz",
      "integrity": "sha1-+YFNWdEV4SEHYih86YeAFSk2Oqo=",
      "requires": {
        "loose-envify": "^1.1.0",
        "object-assign": "^4.1.1",
        "prop-types": "^15.6.2",
        "scheduler": "^0.19.1"
      }
    },
    "resize-observer-polyfill": {
      "version": "1.5.1",
      "resolved": "https://registry.npm.taobao.org/resize-observer-polyfill/download/resize-observer-polyfill-1.5.1.tgz",
      "integrity": "sha1-DpAg3T0hAkRY1OvSfiPkAmmBBGQ="
    },
    "scheduler": {
      "version": "0.19.1",
      "resolved": "https://registry.npm.taobao.org/scheduler/download/scheduler-0.19.1.tgz?cache=0&sync_timestamp=1603367705644&other_urls=https%3A%2F%2Fregistry.npm.taobao.org%2Fscheduler%2Fdownload%2Fscheduler-0.19.1.tgz",
      "integrity": "sha1-Tz4u0sGn1laB9MhU+oxaHMtA8ZY=",
      "requires": {
        "loose-envify": "^1.1.0",
        "object-assign": "^4.1.1"
      }
    },
    "simple-statistics": {
      "version": "7.3.2",
      "resolved": "https://registry.npm.taobao.org/simple-statistics/download/simple-statistics-7.3.2.tgz",
      "integrity": "sha1-5sQ3ZRJ7bXU8l9f9I8M5J1Db6A0="
    },
    "tslib": {
      "version": "1.14.1",
      "resolved": "https://registry.npm.taobao.org/tslib/download/tslib-1.14.1.tgz?cache=0&sync_timestamp=1602287078861&other_urls=https%3A%2F%2Fregistry.npm.taobao.org%2Ftslib%2Fdownload%2Ftslib-1.14.1.tgz",
      "integrity": "sha1-zy04vcNKE0vK8QkcQfZhni9nLQA="
    },
    "typescript": {
      "version": "4.1.2",
      "resolved": "https://registry.npm.taobao.org/typescript/download/typescript-4.1.2.tgz?cache=0&sync_timestamp=1605854951801&other_urls=https%3A%2F%2Fregistry.npm.taobao.org%2Ftypescript%2Fdownload%2Ftypescript-4.1.2.tgz",
      "integrity": "sha1-Y2nvIlFv5eEDBKrlpcSGLbVTgOk=",
      "dev": true
    },
    "warning": {
      "version": "4.0.3",
      "resolved": "https://registry.npm.taobao.org/warning/download/warning-4.0.3.tgz",
      "integrity": "sha1-Fungd+uKhtavfWSqHgX9hbRnjKM=",
      "requires": {
        "loose-envify": "^1.0.0"
      }
    }
  }
}
