{
    "name": "@thyiad/antd-ui",
    "version": "0.0.18",
    "lockfileVersion": 2,
    "requires": true,
    "packages": {
        "": {
            "name": "@thyiad/antd-ui",
            "version": "0.0.18",
            "license": "MIT",
            "devDependencies": {
                "@types/react": "^17.0.0",
                "@types/react-dom": "^17.0.0",
                "install-peers-cli": "^2.2.0",
                "typescript": "^4.1.2"
            },
            "peerDependencies": {
                "@ant-design/icons": "^4.3.0",
                "antd": "^4.8.5",
                "bizcharts": "^4.0.15",
                "lrz": "^4.9.41",
                "react": "^16.14.0",
                "react-dom": "^16.14.0",
                "react-router-dom": "^5.2.0"
            }
        },
        "node_modules/@types/prop-types": {
            "version": "15.7.3",
            "resolved": "https://registry.npm.taobao.org/@types/prop-types/download/@types/prop-types-15.7.3.tgz?cache=0&sync_timestamp=1605055213103&other_urls=https%3A%2F%2Fregistry.npm.taobao.org%2F%40types%2Fprop-types%2Fdownload%2F%40types%2Fprop-types-15.7.3.tgz",
            "integrity": "sha1-KrDV2i5YFflLC51LldHl8kOrLKc=",
            "dev": true
        },
        "node_modules/@types/react": {
            "version": "17.0.0",
            "resolved": "https://registry.npm.taobao.org/@types/react/download/@types/react-17.0.0.tgz?cache=0&sync_timestamp=1606158558386&other_urls=https%3A%2F%2Fregistry.npm.taobao.org%2F%40types%2Freact%2Fdownload%2F%40types%2Freact-17.0.0.tgz",
            "integrity": "sha1-WvPrf60oBwkvAEahMCt4I+J5Gbg=",
            "dev": true,
            "license": "MIT",
            "dependencies": {
                "@types/prop-types": "*",
                "csstype": "^3.0.2"
            }
        },
        "node_modules/@types/react-dom": {
            "version": "17.0.0",
            "resolved": "https://registry.npm.taobao.org/@types/react-dom/download/@types/react-dom-17.0.0.tgz?cache=0&sync_timestamp=1605907959566&other_urls=https%3A%2F%2Fregistry.npm.taobao.org%2F%40types%2Freact-dom%2Fdownload%2F%40types%2Freact-dom-17.0.0.tgz",
            "integrity": "sha1-s7aR65VsSzQBd37me5AMsoQV2Vo=",
            "dev": true,
            "dependencies": {
                "@types/react": "*"
            }
        },
        "node_modules/commander": {
            "version": "2.20.3",
            "resolved": "https://registry.npm.taobao.org/commander/download/commander-2.20.3.tgz?cache=0&sync_timestamp=1605992478790&other_urls=https%3A%2F%2Fregistry.npm.taobao.org%2Fcommander%2Fdownload%2Fcommander-2.20.3.tgz",
            "integrity": "sha1-/UhehMA+tIgcIHIrpIA16FMa6zM=",
            "dev": true
        },
        "node_modules/csstype": {
            "version": "3.0.5",
            "resolved": "https://registry.npm.taobao.org/csstype/download/csstype-3.0.5.tgz",
            "integrity": "sha1-f97GoopnrhhkfFFmip/5W7L6e7g=",
            "dev": true
        },
        "node_modules/executioner": {
            "version": "2.0.1",
            "resolved": "https://registry.npm.taobao.org/executioner/download/executioner-2.0.1.tgz",
            "integrity": "sha1-rdMo4DvEXdWY81j7tSn8C+Dsb80=",
            "dev": true,
            "dependencies": {
                "mixly": "^1.0.0"
            }
        },
        "node_modules/fulcon": {
            "version": "1.0.2",
            "resolved": "https://registry.npm.taobao.org/fulcon/download/fulcon-1.0.2.tgz",
            "integrity": "sha1-ik39pMc/zZzGKnnVBFw5K0VUcyA=",
            "dev": true,
            "engines": {
                "node": ">= 0.10"
            }
        },
        "node_modules/install-peers-cli": {
            "version": "2.2.0",
            "resolved": "https://registry.npm.taobao.org/install-peers-cli/download/install-peers-cli-2.2.0.tgz",
            "integrity": "sha1-928eyKyfp/kgwFdD4BFVTtrYX40=",
            "dev": true,
            "dependencies": {
                "commander": "^2.20.0",
                "executioner": "^2.0.1"
            },
            "bin": {
                "install-peers": "install.js"
            }
        },
        "node_modules/mixly": {
            "version": "1.0.0",
            "resolved": "https://registry.npm.taobao.org/mixly/download/mixly-1.0.0.tgz",
            "integrity": "sha1-m1ouH2Pm37oNMOZ5f/rmKrHcJO8=",
            "dev": true,
            "dependencies": {
                "fulcon": "^1.0.1"
            },
            "engines": {
                "node": ">= 0.10"
            }
        },
        "node_modules/typescript": {
            "version": "4.1.2",
            "resolved": "https://registry.npm.taobao.org/typescript/download/typescript-4.1.2.tgz?cache=0&sync_timestamp=1605854951801&other_urls=https%3A%2F%2Fregistry.npm.taobao.org%2Ftypescript%2Fdownload%2Ftypescript-4.1.2.tgz",
            "integrity": "sha1-Y2nvIlFv5eEDBKrlpcSGLbVTgOk=",
            "dev": true,
            "license": "Apache-2.0",
            "bin": {
                "tsc": "bin/tsc",
                "tsserver": "bin/tsserver"
            },
            "engines": {
                "node": ">=4.2.0"
            }
        }
    },
    "dependencies": {
        "@types/prop-types": {
            "version": "15.7.3",
            "resolved": "https://registry.npm.taobao.org/@types/prop-types/download/@types/prop-types-15.7.3.tgz?cache=0&sync_timestamp=1605055213103&other_urls=https%3A%2F%2Fregistry.npm.taobao.org%2F%40types%2Fprop-types%2Fdownload%2F%40types%2Fprop-types-15.7.3.tgz",
            "integrity": "sha1-KrDV2i5YFflLC51LldHl8kOrLKc=",
            "dev": true
        },
        "@types/react": {
            "version": "17.0.0",
            "resolved": "https://registry.npm.taobao.org/@types/react/download/@types/react-17.0.0.tgz?cache=0&sync_timestamp=1606158558386&other_urls=https%3A%2F%2Fregistry.npm.taobao.org%2F%40types%2Freact%2Fdownload%2F%40types%2Freact-17.0.0.tgz",
            "integrity": "sha1-WvPrf60oBwkvAEahMCt4I+J5Gbg=",
            "dev": true,
            "requires": {
                "@types/prop-types": "*",
                "csstype": "^3.0.2"
            }
        },
        "@types/react-dom": {
            "version": "17.0.0",
            "resolved": "https://registry.npm.taobao.org/@types/react-dom/download/@types/react-dom-17.0.0.tgz?cache=0&sync_timestamp=1605907959566&other_urls=https%3A%2F%2Fregistry.npm.taobao.org%2F%40types%2Freact-dom%2Fdownload%2F%40types%2Freact-dom-17.0.0.tgz",
            "integrity": "sha1-s7aR65VsSzQBd37me5AMsoQV2Vo=",
            "dev": true,
            "requires": {
                "@types/react": "*"
            }
        },
        "commander": {
            "version": "2.20.3",
            "resolved": "https://registry.npm.taobao.org/commander/download/commander-2.20.3.tgz?cache=0&sync_timestamp=1605992478790&other_urls=https%3A%2F%2Fregistry.npm.taobao.org%2Fcommander%2Fdownload%2Fcommander-2.20.3.tgz",
            "integrity": "sha1-/UhehMA+tIgcIHIrpIA16FMa6zM=",
            "dev": true
        },
        "csstype": {
            "version": "3.0.5",
            "resolved": "https://registry.npm.taobao.org/csstype/download/csstype-3.0.5.tgz",
            "integrity": "sha1-f97GoopnrhhkfFFmip/5W7L6e7g=",
            "dev": true
        },
        "executioner": {
            "version": "2.0.1",
            "resolved": "https://registry.npm.taobao.org/executioner/download/executioner-2.0.1.tgz",
            "integrity": "sha1-rdMo4DvEXdWY81j7tSn8C+Dsb80=",
            "dev": true,
            "requires": {
                "mixly": "^1.0.0"
            }
        },
        "fulcon": {
            "version": "1.0.2",
            "resolved": "https://registry.npm.taobao.org/fulcon/download/fulcon-1.0.2.tgz",
            "integrity": "sha1-ik39pMc/zZzGKnnVBFw5K0VUcyA=",
            "dev": true
        },
        "install-peers-cli": {
            "version": "2.2.0",
            "resolved": "https://registry.npm.taobao.org/install-peers-cli/download/install-peers-cli-2.2.0.tgz",
            "integrity": "sha1-928eyKyfp/kgwFdD4BFVTtrYX40=",
            "dev": true,
            "requires": {
                "commander": "^2.20.0",
                "executioner": "^2.0.1"
            }
        },
        "mixly": {
            "version": "1.0.0",
            "resolved": "https://registry.npm.taobao.org/mixly/download/mixly-1.0.0.tgz",
            "integrity": "sha1-m1ouH2Pm37oNMOZ5f/rmKrHcJO8=",
            "dev": true,
            "requires": {
                "fulcon": "^1.0.1"
            }
        },
        "typescript": {
            "version": "4.1.2",
            "resolved": "https://registry.npm.taobao.org/typescript/download/typescript-4.1.2.tgz?cache=0&sync_timestamp=1605854951801&other_urls=https%3A%2F%2Fregistry.npm.taobao.org%2Ftypescript%2Fdownload%2Ftypescript-4.1.2.tgz",
            "integrity": "sha1-Y2nvIlFv5eEDBKrlpcSGLbVTgOk=",
            "dev": true
        }
    }
}
